
Microsoft Visual Studio Solution File, Format Version 12.00
# Visual Studio Version 16
VisualStudioVersion = 16.0.30517.126
MinimumVisualStudioVersion = 10.0.40219.1
Project("{8BC9CEB8-8B4A-11D0-8D11-00A0C91BC942}") = "Begin_1", "Begin_1\Begin_1.vcxproj", "{24412073-6A34-420A-856D-C024D7849354}"
EndProject
Project("{8BC9CEB8-8B4A-11D0-8D11-00A0C91BC942}") = "Begin_2", "Begin_2\Begin_2.vcxproj", "{9B9F2006-0CCF-4653-8BDC-725BACF0D7A1}"
EndProject
Project("{8BC9CEB8-8B4A-11D0-8D11-00A0C91BC942}") = "Begin_3", "Begin3\Begin3.vcxproj", "{66772FD6-3EEF-4635-B2E0-CD94A5367DCC}"
EndProject
Project("{8BC9CEB8-8B4A-11D0-8D11-00A0C91BC942}") = "Begin_11", "Begin_11\Begin_11.vcxproj", "{85361A2E-7253-43F9-B8F1-D3618D2C2D4F}"
EndProject
Project("{8BC9CEB8-8B4A-11D0-8D11-00A0C91BC942}") = "Begin_12", "Begin_12\Begin_12.vcxproj", "{8D2A2BF6-67AC-4F29-BD17-66BC4A8F350D}"
EndProject
Project("{8BC9CEB8-8B4A-11D0-8D11-00A0C91BC942}") = "Begin_13", "Begin_13\Begin_13.vcxproj", "{4A7149EB-BD3C-40DA-9666-E076371AB146}"
EndProject
Project("{8BC9CEB8-8B4A-11D0-8D11-00A0C91BC942}") = "Begin_22", "Begin_22\Begin_22.vcxproj", "{13AADF8B-762E-4585-A8E5-500C8830772B}"
EndProject
Project("{8BC9CEB8-8B4A-11D0-8D11-00A0C91BC942}") = "Begin_27", "Begin_27\Begin_27.vcxproj", "{9D6C4D68-60BE-495A-B6B5-5F47E118ECE7}"
EndProject
Project("{8BC9CEB8-8B4A-11D0-8D11-00A0C91BC942}") = "Begin_29", "Begin_29\Begin_29.vcxproj", "{BACD504E-6331-48B4-A5DB-4600E644F2B2}"
EndProject
Project("{8BC9CEB8-8B4A-11D0-8D11-00A0C91BC942}") = "Begin_31", "Begin_31\Begin_31.vcxproj", "{40C9C857-B5F0-4268-972F-16C8829C0B72}"
EndProject
Project("{8BC9CEB8-8B4A-11D0-8D11-00A0C91BC942}") = "Begin_33", "Begin_33\Begin_33.vcxproj", "{86F6DE3E-6F32-4DC8-B6A5-A35C60AD3789}"
EndProject
Project("{8BC9CEB8-8B4A-11D0-8D11-00A0C91BC942}") = "Begin_38", "Begin_38\Begin_38.vcxproj", "{E24F88B0-7CF8-42F4-8D47-3AFDF02002C0}"
EndProject
Project("{8BC9CEB8-8B4A-11D0-8D11-00A0C91BC942}") = "Integer_1", "Integer_1\Integer_1.vcxproj", "{BB70CF89-BEFE-4B5D-9ED8-55CCA54B564E}"
EndProject
Project("{8BC9CEB8-8B4A-11D0-8D11-00A0C91BC942}") = "Integer_2", "Integer_2\Integer_2.vcxproj", "{AB0F5DAC-81FB-411F-AC3C-936A8241DFF4}"
EndProject
Project("{8BC9CEB8-8B4A-11D0-8D11-00A0C91BC942}") = "Integer_3", "Integer_3\Integer_3.vcxproj", "{ED06DEBD-C898-46C2-863F-6A534D229483}"
EndProject
Project("{8BC9CEB8-8B4A-11D0-8D11-00A0C91BC942}") = "Integer_4", "Integer_4\Integer_4.vcxproj", "{7EF8F826-9355-45B4-A67C-BA168FD5B961}"
EndProject
Project("{8BC9CEB8-8B4A-11D0-8D11-00A0C91BC942}") = "Integer_5", "Integer_5\Integer_5.vcxproj", "{31D0D8FA-2EDC-4A12-8A95-B2B69F942A5A}"
EndProject
Global
	GlobalSection(SolutionConfigurationPlatforms) = preSolution
		Debug|x64 = Debug|x64
		Debug|x86 = Debug|x86
		Release|x64 = Release|x64
		Release|x86 = Release|x86
	EndGlobalSection
	GlobalSection(ProjectConfigurationPlatforms) = postSolution
		{24412073-6A34-420A-856D-C024D7849354}.Debug|x64.ActiveCfg = Debug|x64
		{24412073-6A34-420A-856D-C024D7849354}.Debug|x64.Build.0 = Debug|x64
		{24412073-6A34-420A-856D-C024D7849354}.Debug|x86.ActiveCfg = Debug|Win32
		{24412073-6A34-420A-856D-C024D7849354}.Debug|x86.Build.0 = Debug|Win32
		{24412073-6A34-420A-856D-C024D7849354}.Release|x64.ActiveCfg = Release|x64
		{24412073-6A34-420A-856D-C024D7849354}.Release|x64.Build.0 = Release|x64
		{24412073-6A34-420A-856D-C024D7849354}.Release|x86.ActiveCfg = Release|Win32
		{24412073-6A34-420A-856D-C024D7849354}.Release|x86.Build.0 = Release|Win32
		{9B9F2006-0CCF-4653-8BDC-725BACF0D7A1}.Debug|x64.ActiveCfg = Debug|x64
		{9B9F2006-0CCF-4653-8BDC-725BACF0D7A1}.Debug|x64.Build.0 = Debug|x64
		{9B9F2006-0CCF-4653-8BDC-725BACF0D7A1}.Debug|x86.ActiveCfg = Debug|Win32
		{9B9F2006-0CCF-4653-8BDC-725BACF0D7A1}.Debug|x86.Build.0 = Debug|Win32
		{9B9F2006-0CCF-4653-8BDC-725BACF0D7A1}.Release|x64.ActiveCfg = Release|x64
		{9B9F2006-0CCF-4653-8BDC-725BACF0D7A1}.Release|x64.Build.0 = Release|x64
		{9B9F2006-0CCF-4653-8BDC-725BACF0D7A1}.Release|x86.ActiveCfg = Release|Win32
		{9B9F2006-0CCF-4653-8BDC-725BACF0D7A1}.Release|x86.Build.0 = Release|Win32
		{66772FD6-3EEF-4635-B2E0-CD94A5367DCC}.Debug|x64.ActiveCfg = Debug|x64
		{66772FD6-3EEF-4635-B2E0-CD94A5367DCC}.Debug|x64.Build.0 = Debug|x64
		{66772FD6-3EEF-4635-B2E0-CD94A5367DCC}.Debug|x86.ActiveCfg = Debug|Win32
		{66772FD6-3EEF-4635-B2E0-CD94A5367DCC}.Debug|x86.Build.0 = Debug|Win32
		{66772FD6-3EEF-4635-B2E0-CD94A5367DCC}.Release|x64.ActiveCfg = Release|x64
		{66772FD6-3EEF-4635-B2E0-CD94A5367DCC}.Release|x64.Build.0 = Release|x64
		{66772FD6-3EEF-4635-B2E0-CD94A5367DCC}.Release|x86.ActiveCfg = Release|Win32
		{66772FD6-3EEF-4635-B2E0-CD94A5367DCC}.Release|x86.Build.0 = Release|Win32
		{85361A2E-7253-43F9-B8F1-D3618D2C2D4F}.Debug|x64.ActiveCfg = Debug|x64
		{85361A2E-7253-43F9-B8F1-D3618D2C2D4F}.Debug|x64.Build.0 = Debug|x64
		{85361A2E-7253-43F9-B8F1-D3618D2C2D4F}.Debug|x86.ActiveCfg = Debug|Win32
		{85361A2E-7253-43F9-B8F1-D3618D2C2D4F}.Debug|x86.Build.0 = Debug|Win32
		{85361A2E-7253-43F9-B8F1-D3618D2C2D4F}.Release|x64.ActiveCfg = Release|x64
		{85361A2E-7253-43F9-B8F1-D3618D2C2D4F}.Release|x64.Build.0 = Release|x64
		{85361A2E-7253-43F9-B8F1-D3618D2C2D4F}.Release|x86.ActiveCfg = Release|Win32
		{85361A2E-7253-43F9-B8F1-D3618D2C2D4F}.Release|x86.Build.0 = Release|Win32
		{8D2A2BF6-67AC-4F29-BD17-66BC4A8F350D}.Debug|x64.ActiveCfg = Debug|x64
		{8D2A2BF6-67AC-4F29-BD17-66BC4A8F350D}.Debug|x64.Build.0 = Debug|x64
		{8D2A2BF6-67AC-4F29-BD17-66BC4A8F350D}.Debug|x86.ActiveCfg = Debug|Win32
		{8D2A2BF6-67AC-4F29-BD17-66BC4A8F350D}.Debug|x86.Build.0 = Debug|Win32
		{8D2A2BF6-67AC-4F29-BD17-66BC4A8F350D}.Release|x64.ActiveCfg = Release|x64
		{8D2A2BF6-67AC-4F29-BD17-66BC4A8F350D}.Release|x64.Build.0 = Release|x64
		{8D2A2BF6-67AC-4F29-BD17-66BC4A8F350D}.Release|x86.ActiveCfg = Release|Win32
		{8D2A2BF6-67AC-4F29-BD17-66BC4A8F350D}.Release|x86.Build.0 = Release|Win32
		{4A7149EB-BD3C-40DA-9666-E076371AB146}.Debug|x64.ActiveCfg = Debug|x64
		{4A7149EB-BD3C-40DA-9666-E076371AB146}.Debug|x64.Build.0 = Debug|x64
		{4A7149EB-BD3C-40DA-9666-E076371AB146}.Debug|x86.ActiveCfg = Debug|Win32
		{4A7149EB-BD3C-40DA-9666-E076371AB146}.Debug|x86.Build.0 = Debug|Win32
		{4A7149EB-BD3C-40DA-9666-E076371AB146}.Release|x64.ActiveCfg = Release|x64
		{4A7149EB-BD3C-40DA-9666-E076371AB146}.Release|x64.Build.0 = Release|x64
		{4A7149EB-BD3C-40DA-9666-E076371AB146}.Release|x86.ActiveCfg = Release|Win32
		{4A7149EB-BD3C-40DA-9666-E076371AB146}.Release|x86.Build.0 = Release|Win32
		{13AADF8B-762E-4585-A8E5-500C8830772B}.Debug|x64.ActiveCfg = Debug|x64
		{13AADF8B-762E-4585-A8E5-500C8830772B}.Debug|x64.Build.0 = Debug|x64
		{13AADF8B-762E-4585-A8E5-500C8830772B}.Debug|x86.ActiveCfg = Debug|Win32
		{13AADF8B-762E-4585-A8E5-500C8830772B}.Debug|x86.Build.0 = Debug|Win32
		{13AADF8B-762E-4585-A8E5-500C8830772B}.Release|x64.ActiveCfg = Release|x64
		{13AADF8B-762E-4585-A8E5-500C8830772B}.Release|x64.Build.0 = Release|x64
		{13AADF8B-762E-4585-A8E5-500C8830772B}.Release|x86.ActiveCfg = Release|Win32
		{13AADF8B-762E-4585-A8E5-500C8830772B}.Release|x86.Build.0 = Release|Win32
		{9D6C4D68-60BE-495A-B6B5-5F47E118ECE7}.Debug|x64.ActiveCfg = Debug|x64
		{9D6C4D68-60BE-495A-B6B5-5F47E118ECE7}.Debug|x64.Build.0 = Debug|x64
		{9D6C4D68-60BE-495A-B6B5-5F47E118ECE7}.Debug|x86.ActiveCfg = Debug|Win32
		{9D6C4D68-60BE-495A-B6B5-5F47E118ECE7}.Debug|x86.Build.0 = Debug|Win32
		{9D6C4D68-60BE-495A-B6B5-5F47E118ECE7}.Release|x64.ActiveCfg = Release|x64
		{9D6C4D68-60BE-495A-B6B5-5F47E118ECE7}.Release|x64.Build.0 = Release|x64
		{9D6C4D68-60BE-495A-B6B5-5F47E118ECE7}.Release|x86.ActiveCfg = Release|Win32
		{9D6C4D68-60BE-495A-B6B5-5F47E118ECE7}.Release|x86.Build.0 = Release|Win32
		{BACD504E-6331-48B4-A5DB-4600E644F2B2}.Debug|x64.ActiveCfg = Debug|x64
		{BACD504E-6331-48B4-A5DB-4600E644F2B2}.Debug|x64.Build.0 = Debug|x64
		{BACD504E-6331-48B4-A5DB-4600E644F2B2}.Debug|x86.ActiveCfg = Debug|Win32
		{BACD504E-6331-48B4-A5DB-4600E644F2B2}.Debug|x86.Build.0 = Debug|Win32
		{BACD504E-6331-48B4-A5DB-4600E644F2B2}.Release|x64.ActiveCfg = Release|x64
		{BACD504E-6331-48B4-A5DB-4600E644F2B2}.Release|x64.Build.0 = Release|x64
		{BACD504E-6331-48B4-A5DB-4600E644F2B2}.Release|x86.ActiveCfg = Release|Win32
		{BACD504E-6331-48B4-A5DB-4600E644F2B2}.Release|x86.Build.0 = Release|Win32
		{40C9C857-B5F0-4268-972F-16C8829C0B72}.Debug|x64.ActiveCfg = Debug|x64
		{40C9C857-B5F0-4268-972F-16C8829C0B72}.Debug|x64.Build.0 = Debug|x64
		{40C9C857-B5F0-4268-972F-16C8829C0B72}.Debug|x86.ActiveCfg = Debug|Win32
		{40C9C857-B5F0-4268-972F-16C8829C0B72}.Debug|x86.Build.0 = Debug|Win32
		{40C9C857-B5F0-4268-972F-16C8829C0B72}.Release|x64.ActiveCfg = Release|x64
		{40C9C857-B5F0-4268-972F-16C8829C0B72}.Release|x64.Build.0 = Release|x64
		{40C9C857-B5F0-4268-972F-16C8829C0B72}.Release|x86.ActiveCfg = Release|Win32
		{40C9C857-B5F0-4268-972F-16C8829C0B72}.Release|x86.Build.0 = Release|Win32
		{86F6DE3E-6F32-4DC8-B6A5-A35C60AD3789}.Debug|x64.ActiveCfg = Debug|x64
		{86F6DE3E-6F32-4DC8-B6A5-A35C60AD3789}.Debug|x64.Build.0 = Debug|x64
		{86F6DE3E-6F32-4DC8-B6A5-A35C60AD3789}.Debug|x86.ActiveCfg = Debug|Win32
		{86F6DE3E-6F32-4DC8-B6A5-A35C60AD3789}.Debug|x86.Build.0 = Debug|Win32
		{86F6DE3E-6F32-4DC8-B6A5-A35C60AD3789}.Release|x64.ActiveCfg = Release|x64
		{86F6DE3E-6F32-4DC8-B6A5-A35C60AD3789}.Release|x64.Build.0 = Release|x64
		{86F6DE3E-6F32-4DC8-B6A5-A35C60AD3789}.Release|x86.ActiveCfg = Release|Win32
		{86F6DE3E-6F32-4DC8-B6A5-A35C60AD3789}.Release|x86.Build.0 = Release|Win32
		{E24F88B0-7CF8-42F4-8D47-3AFDF02002C0}.Debug|x64.ActiveCfg = Debug|x64
		{E24F88B0-7CF8-42F4-8D47-3AFDF02002C0}.Debug|x64.Build.0 = Debug|x64
		{E24F88B0-7CF8-42F4-8D47-3AFDF02002C0}.Debug|x86.ActiveCfg = Debug|Win32
		{E24F88B0-7CF8-42F4-8D47-3AFDF02002C0}.Debug|x86.Build.0 = Debug|Win32
		{E24F88B0-7CF8-42F4-8D47-3AFDF02002C0}.Release|x64.ActiveCfg = Release|x64
		{E24F88B0-7CF8-42F4-8D47-3AFDF02002C0}.Release|x64.Build.0 = Release|x64
		{E24F88B0-7CF8-42F4-8D47-3AFDF02002C0}.Release|x86.ActiveCfg = Release|Win32
		{E24F88B0-7CF8-42F4-8D47-3AFDF02002C0}.Release|x86.Build.0 = Release|Win32
		{BB70CF89-BEFE-4B5D-9ED8-55CCA54B564E}.Debug|x64.ActiveCfg = Debug|x64
		{BB70CF89-BEFE-4B5D-9ED8-55CCA54B564E}.Debug|x64.Build.0 = Debug|x64
		{BB70CF89-BEFE-4B5D-9ED8-55CCA54B564E}.Debug|x86.ActiveCfg = Debug|Win32
		{BB70CF89-BEFE-4B5D-9ED8-55CCA54B564E}.Debug|x86.Build.0 = Debug|Win32
		{BB70CF89-BEFE-4B5D-9ED8-55CCA54B564E}.Release|x64.ActiveCfg = Release|x64
		{BB70CF89-BEFE-4B5D-9ED8-55CCA54B564E}.Release|x64.Build.0 = Release|x64
		{BB70CF89-BEFE-4B5D-9ED8-55CCA54B564E}.Release|x86.ActiveCfg = Release|Win32
		{BB70CF89-BEFE-4B5D-9ED8-55CCA54B564E}.Release|x86.Build.0 = Release|Win32
		{AB0F5DAC-81FB-411F-AC3C-936A8241DFF4}.Debug|x64.ActiveCfg = Debug|x64
		{AB0F5DAC-81FB-411F-AC3C-936A8241DFF4}.Debug|x64.Build.0 = Debug|x64
		{AB0F5DAC-81FB-411F-AC3C-936A8241DFF4}.Debug|x86.ActiveCfg = Debug|Win32
		{AB0F5DAC-81FB-411F-AC3C-936A8241DFF4}.Debug|x86.Build.0 = Debug|Win32
		{AB0F5DAC-81FB-411F-AC3C-936A8241DFF4}.Release|x64.ActiveCfg = Release|x64
		{AB0F5DAC-81FB-411F-AC3C-936A8241DFF4}.Release|x64.Build.0 = Release|x64
		{AB0F5DAC-81FB-411F-AC3C-936A8241DFF4}.Release|x86.ActiveCfg = Release|Win32
		{AB0F5DAC-81FB-411F-AC3C-936A8241DFF4}.Release|x86.Build.0 = Release|Win32
		{ED06DEBD-C898-46C2-863F-6A534D229483}.Debug|x64.ActiveCfg = Debug|x64
		{ED06DEBD-C898-46C2-863F-6A534D229483}.Debug|x64.Build.0 = Debug|x64
		{ED06DEBD-C898-46C2-863F-6A534D229483}.Debug|x86.ActiveCfg = Debug|Win32
		{ED06DEBD-C898-46C2-863F-6A534D229483}.Debug|x86.Build.0 = Debug|Win32
		{ED06DEBD-C898-46C2-863F-6A534D229483}.Release|x64.ActiveCfg = Release|x64
		{ED06DEBD-C898-46C2-863F-6A534D229483}.Release|x64.Build.0 = Release|x64
		{ED06DEBD-C898-46C2-863F-6A534D229483}.Release|x86.ActiveCfg = Release|Win32
		{ED06DEBD-C898-46C2-863F-6A534D229483}.Release|x86.Build.0 = Release|Win32
		{7EF8F826-9355-45B4-A67C-BA168FD5B961}.Debug|x64.ActiveCfg = Debug|x64
		{7EF8F826-9355-45B4-A67C-BA168FD5B961}.Debug|x64.Build.0 = Debug|x64
		{7EF8F826-9355-45B4-A67C-BA168FD5B961}.Debug|x86.ActiveCfg = Debug|Win32
		{7EF8F826-9355-45B4-A67C-BA168FD5B961}.Debug|x86.Build.0 = Debug|Win32
		{7EF8F826-9355-45B4-A67C-BA168FD5B961}.Release|x64.ActiveCfg = Release|x64
		{7EF8F826-9355-45B4-A67C-BA168FD5B961}.Release|x64.Build.0 = Release|x64
		{7EF8F826-9355-45B4-A67C-BA168FD5B961}.Release|x86.ActiveCfg = Release|Win32
		{7EF8F826-9355-45B4-A67C-BA168FD5B961}.Release|x86.Build.0 = Release|Win32
		{31D0D8FA-2EDC-4A12-8A95-B2B69F942A5A}.Debug|x64.ActiveCfg = Debug|x64
		{31D0D8FA-2EDC-4A12-8A95-B2B69F942A5A}.Debug|x64.Build.0 = Debug|x64
		{31D0D8FA-2EDC-4A12-8A95-B2B69F942A5A}.Debug|x86.ActiveCfg = Debug|Win32
		{31D0D8FA-2EDC-4A12-8A95-B2B69F942A5A}.Debug|x86.Build.0 = Debug|Win32
		{31D0D8FA-2EDC-4A12-8A95-B2B69F942A5A}.Release|x64.ActiveCfg = Release|x64
		{31D0D8FA-2EDC-4A12-8A95-B2B69F942A5A}.Release|x64.Build.0 = Release|x64
		{31D0D8FA-2EDC-4A12-8A95-B2B69F942A5A}.Release|x86.ActiveCfg = Release|Win32
		{31D0D8FA-2EDC-4A12-8A95-B2B69F942A5A}.Release|x86.Build.0 = Release|Win32
	EndGlobalSection
	GlobalSection(SolutionProperties) = preSolution
		HideSolutionNode = FALSE
	EndGlobalSection
	GlobalSection(ExtensibilityGlobals) = postSolution
		SolutionGuid = {28E46BA6-9828-4171-AD04-10CC539FBFF1}
	EndGlobalSection
EndGlobal
